
Microsoft Visual Studio Solution File, Format Version 12.00
# Visual Studio Version 17
VisualStudioVersion = 17.0.32014.148
MinimumVisualStudioVersion = 10.0.40219.1
Project("{9A19103F-16F7-4668-BE54-9A1E7A4F7556}") = "FluentdForward.OpenTelemetry.Exporter.Logs", "FluentdForward.OpenTelemetry.Exporter.Logs\FluentdForward.OpenTelemetry.Exporter.Logs.csproj", "{BC0E99C9-0B28-4350-8F2E-951CEF0E2A45}"
EndProject
Project("{9A19103F-16F7-4668-BE54-9A1E7A4F7556}") = "FluentdForward.OpenTelemetry.MessagePack", "FluentdForward.OpenTelemetry.MessagePack\FluentdForward.OpenTelemetry.MessagePack.csproj", "{740FC394-0E30-4913-8679-27CE049982C4}"
EndProject
Project("{9A19103F-16F7-4668-BE54-9A1E7A4F7556}") = "FluentdForward.OpenTelemetry.MessagePack.UnitTests", "FluentdForward.OpenTelemetry.MessagePack.UnitTests\FluentdForward.OpenTelemetry.MessagePack.UnitTests.csproj", "{56FFB6F9-3520-40D2-9294-D29591CDD7C1}"
EndProject
Project("{9A19103F-16F7-4668-BE54-9A1E7A4F7556}") = "TestConsole", "TestConsole\TestConsole.csproj", "{7762C970-5B4C-4653-B5AD-D08F934655C4}"
EndProject
Global
	GlobalSection(SolutionConfigurationPlatforms) = preSolution
		Debug|Any CPU = Debug|Any CPU
		Release|Any CPU = Release|Any CPU
	EndGlobalSection
	GlobalSection(ProjectConfigurationPlatforms) = postSolution
		{BC0E99C9-0B28-4350-8F2E-951CEF0E2A45}.Debug|Any CPU.ActiveCfg = Debug|Any CPU
		{BC0E99C9-0B28-4350-8F2E-951CEF0E2A45}.Debug|Any CPU.Build.0 = Debug|Any CPU
		{BC0E99C9-0B28-4350-8F2E-951CEF0E2A45}.Release|Any CPU.ActiveCfg = Release|Any CPU
		{BC0E99C9-0B28-4350-8F2E-951CEF0E2A45}.Release|Any CPU.Build.0 = Release|Any CPU
		{740FC394-0E30-4913-8679-27CE049982C4}.Debug|Any CPU.ActiveCfg = Debug|Any CPU
		{740FC394-0E30-4913-8679-27CE049982C4}.Debug|Any CPU.Build.0 = Debug|Any CPU
		{740FC394-0E30-4913-8679-27CE049982C4}.Release|Any CPU.ActiveCfg = Release|Any CPU
		{740FC394-0E30-4913-8679-27CE049982C4}.Release|Any CPU.Build.0 = Release|Any CPU
		{56FFB6F9-3520-40D2-9294-D29591CDD7C1}.Debug|Any CPU.ActiveCfg = Debug|Any CPU
		{56FFB6F9-3520-40D2-9294-D29591CDD7C1}.Debug|Any CPU.Build.0 = Debug|Any CPU
		{56FFB6F9-3520-40D2-9294-D29591CDD7C1}.Release|Any CPU.ActiveCfg = Release|Any CPU
		{56FFB6F9-3520-40D2-9294-D29591CDD7C1}.Release|Any CPU.Build.0 = Release|Any CPU
		{7762C970-5B4C-4653-B5AD-D08F934655C4}.Debug|Any CPU.ActiveCfg = Debug|Any CPU
		{7762C970-5B4C-4653-B5AD-D08F934655C4}.Debug|Any CPU.Build.0 = Debug|Any CPU
		{7762C970-5B4C-4653-B5AD-D08F934655C4}.Release|Any CPU.ActiveCfg = Release|Any CPU
		{7762C970-5B4C-4653-B5AD-D08F934655C4}.Release|Any CPU.Build.0 = Release|Any CPU
	EndGlobalSection
	GlobalSection(SolutionProperties) = preSolution
		HideSolutionNode = FALSE
	EndGlobalSection
	GlobalSection(ExtensibilityGlobals) = postSolution
		SolutionGuid = {BC7D91DD-8B99-4EF9-A188-4CAD69A26688}
	EndGlobalSection
EndGlobal
