
Microsoft Visual Studio Solution File, Format Version 12.00
# Visual Studio Version 17
VisualStudioVersion = 17.0.32014.148
MinimumVisualStudioVersion = 10.0.40219.1
Project("{FAE04EC0-301F-11D3-BF4B-00C04F79EFBC}") = "FluentdForward.OpenTelemetry.Exporter.Logs", "FluentdForward.OpenTelemetry.Exporter.Logs\FluentdForward.OpenTelemetry.Exporter.Logs.csproj", "{BC0E99C9-0B28-4350-8F2E-951CEF0E2A45}"
EndProject
Project("{FAE04EC0-301F-11D3-BF4B-00C04F79EFBC}") = "FluentdForward.OpenTelemetry.MessagePack", "FluentdForward.OpenTelemetry.MessagePack\FluentdForward.OpenTelemetry.MessagePack.csproj", "{740FC394-0E30-4913-8679-27CE049982C4}"
EndProject
Global
	GlobalSection(SolutionConfigurationPlatforms) = preSolution
		Debug|Any CPU = Debug|Any CPU
		Release|Any CPU = Release|Any CPU
	EndGlobalSection
	GlobalSection(ProjectConfigurationPlatforms) = postSolution
		{BC0E99C9-0B28-4350-8F2E-951CEF0E2A45}.Debug|Any CPU.ActiveCfg = Debug|Any CPU
		{BC0E99C9-0B28-4350-8F2E-951CEF0E2A45}.Debug|Any CPU.Build.0 = Debug|Any CPU
		{BC0E99C9-0B28-4350-8F2E-951CEF0E2A45}.Release|Any CPU.ActiveCfg = Release|Any CPU
		{BC0E99C9-0B28-4350-8F2E-951CEF0E2A45}.Release|Any CPU.Build.0 = Release|Any CPU
		{740FC394-0E30-4913-8679-27CE049982C4}.Debug|Any CPU.ActiveCfg = Debug|Any CPU
		{740FC394-0E30-4913-8679-27CE049982C4}.Debug|Any CPU.Build.0 = Debug|Any CPU
		{740FC394-0E30-4913-8679-27CE049982C4}.Release|Any CPU.ActiveCfg = Release|Any CPU
		{740FC394-0E30-4913-8679-27CE049982C4}.Release|Any CPU.Build.0 = Release|Any CPU
	EndGlobalSection
	GlobalSection(SolutionProperties) = preSolution
		HideSolutionNode = FALSE
	EndGlobalSection
	GlobalSection(ExtensibilityGlobals) = postSolution
		SolutionGuid = {BC7D91DD-8B99-4EF9-A188-4CAD69A26688}
	EndGlobalSection
EndGlobal
